
Microsoft Visual Studio Solution File, Format Version 12.00
# Visual Studio 15
VisualStudioVersion = 15.0.28010.2048
MinimumVisualStudioVersion = 10.0.40219.1
Project("{FAE04EC0-301F-11D3-BF4B-00C04F79EFBC}") = "WebAPI", "WebAPI\WebAPI.csproj", "{1F0F0C8B-C589-41B2-806D-CCF8551DEDDB}"
EndProject
Project("{FAE04EC0-301F-11D3-BF4B-00C04F79EFBC}") = "CORE", "CORE\CORE.csproj", "{EFB46438-B132-4C59-9D05-7B50AB7ED33D}"
EndProject
Project("{FAE04EC0-301F-11D3-BF4B-00C04F79EFBC}") = "COMMON", "COMMON\COMMON.csproj", "{4F575E63-46C8-46CE-8F34-6B4B081446D0}"
EndProject
Project("{FAE04EC0-301F-11D3-BF4B-00C04F79EFBC}") = "INFRA", "INFRA\INFRA.csproj", "{8272F984-CF53-4DB5-9876-CE4B2E16B5E3}"
EndProject
Project("{FAE04EC0-301F-11D3-BF4B-00C04F79EFBC}") = "SERVICE", "SERVICE\SERVICE.csproj", "{A6CB874E-607B-462C-BB98-93B00EEC19C4}"
EndProject
Global
	GlobalSection(SolutionConfigurationPlatforms) = preSolution
		Debug|Any CPU = Debug|Any CPU
		Release|Any CPU = Release|Any CPU
	EndGlobalSection
	GlobalSection(ProjectConfigurationPlatforms) = postSolution
		{1F0F0C8B-C589-41B2-806D-CCF8551DEDDB}.Debug|Any CPU.ActiveCfg = Debug|Any CPU
		{1F0F0C8B-C589-41B2-806D-CCF8551DEDDB}.Debug|Any CPU.Build.0 = Debug|Any CPU
		{1F0F0C8B-C589-41B2-806D-CCF8551DEDDB}.Release|Any CPU.ActiveCfg = Release|Any CPU
		{1F0F0C8B-C589-41B2-806D-CCF8551DEDDB}.Release|Any CPU.Build.0 = Release|Any CPU
		{EFB46438-B132-4C59-9D05-7B50AB7ED33D}.Debug|Any CPU.ActiveCfg = Debug|Any CPU
		{EFB46438-B132-4C59-9D05-7B50AB7ED33D}.Debug|Any CPU.Build.0 = Debug|Any CPU
		{EFB46438-B132-4C59-9D05-7B50AB7ED33D}.Release|Any CPU.ActiveCfg = Release|Any CPU
		{EFB46438-B132-4C59-9D05-7B50AB7ED33D}.Release|Any CPU.Build.0 = Release|Any CPU
		{4F575E63-46C8-46CE-8F34-6B4B081446D0}.Debug|Any CPU.ActiveCfg = Debug|Any CPU
		{4F575E63-46C8-46CE-8F34-6B4B081446D0}.Debug|Any CPU.Build.0 = Debug|Any CPU
		{4F575E63-46C8-46CE-8F34-6B4B081446D0}.Release|Any CPU.ActiveCfg = Release|Any CPU
		{4F575E63-46C8-46CE-8F34-6B4B081446D0}.Release|Any CPU.Build.0 = Release|Any CPU
		{8272F984-CF53-4DB5-9876-CE4B2E16B5E3}.Debug|Any CPU.ActiveCfg = Debug|Any CPU
		{8272F984-CF53-4DB5-9876-CE4B2E16B5E3}.Debug|Any CPU.Build.0 = Debug|Any CPU
		{8272F984-CF53-4DB5-9876-CE4B2E16B5E3}.Release|Any CPU.ActiveCfg = Release|Any CPU
		{8272F984-CF53-4DB5-9876-CE4B2E16B5E3}.Release|Any CPU.Build.0 = Release|Any CPU
		{A6CB874E-607B-462C-BB98-93B00EEC19C4}.Debug|Any CPU.ActiveCfg = Debug|Any CPU
		{A6CB874E-607B-462C-BB98-93B00EEC19C4}.Debug|Any CPU.Build.0 = Debug|Any CPU
		{A6CB874E-607B-462C-BB98-93B00EEC19C4}.Release|Any CPU.ActiveCfg = Release|Any CPU
		{A6CB874E-607B-462C-BB98-93B00EEC19C4}.Release|Any CPU.Build.0 = Release|Any CPU
	EndGlobalSection
	GlobalSection(SolutionProperties) = preSolution
		HideSolutionNode = FALSE
	EndGlobalSection
	GlobalSection(ExtensibilityGlobals) = postSolution
		SolutionGuid = {9CFDE276-989D-4078-A07D-B4F55BA88130}
	EndGlobalSection
EndGlobal
